
Microsoft Visual Studio Solution File, Format Version 12.00
# Visual Studio Version 17
VisualStudioVersion = 17.3.32901.215
MinimumVisualStudioVersion = 10.0.40219.1
Project("{FAE04EC0-301F-11D3-BF4B-00C04F79EFBC}") = "Books", "Books\Books.csproj", "{5DE3DDC1-A1F5-4DC3-B4BC-A63C0E091DFA}"
EndProject
Project("{9A19103F-16F7-4668-BE54-9A1E7A4F7556}") = "HowTo_DBLibrary", "HowTo_DBLibrary\HowTo_DBLibrary.csproj", "{B98D9F27-0AD0-4C47-936F-6E44782A206D}"
EndProject
Global
	GlobalSection(SolutionConfigurationPlatforms) = preSolution
		Debug|Any CPU = Debug|Any CPU
		Release|Any CPU = Release|Any CPU
	EndGlobalSection
	GlobalSection(ProjectConfigurationPlatforms) = postSolution
		{5DE3DDC1-A1F5-4DC3-B4BC-A63C0E091DFA}.Debug|Any CPU.ActiveCfg = Debug|Any CPU
		{5DE3DDC1-A1F5-4DC3-B4BC-A63C0E091DFA}.Debug|Any CPU.Build.0 = Debug|Any CPU
		{5DE3DDC1-A1F5-4DC3-B4BC-A63C0E091DFA}.Release|Any CPU.ActiveCfg = Release|Any CPU
		{5DE3DDC1-A1F5-4DC3-B4BC-A63C0E091DFA}.Release|Any CPU.Build.0 = Release|Any CPU
		{B98D9F27-0AD0-4C47-936F-6E44782A206D}.Debug|Any CPU.ActiveCfg = Debug|Any CPU
		{B98D9F27-0AD0-4C47-936F-6E44782A206D}.Debug|Any CPU.Build.0 = Debug|Any CPU
		{B98D9F27-0AD0-4C47-936F-6E44782A206D}.Release|Any CPU.ActiveCfg = Release|Any CPU
		{B98D9F27-0AD0-4C47-936F-6E44782A206D}.Release|Any CPU.Build.0 = Release|Any CPU
	EndGlobalSection
	GlobalSection(SolutionProperties) = preSolution
		HideSolutionNode = FALSE
	EndGlobalSection
	GlobalSection(ExtensibilityGlobals) = postSolution
		SolutionGuid = {8744EA1E-0C15-4DC5-8897-ADB5F1994465}
	EndGlobalSection
EndGlobal
